
Microsoft Visual Studio Solution File, Format Version 12.00
# Visual Studio Version 17
VisualStudioVersion = 17.8.34330.188
MinimumVisualStudioVersion = 10.0.40219.1
Project("{FAE04EC0-301F-11D3-BF4B-00C04F79EFBC}") = "TaskManagementSystemWeb", "TaskManagementSystemWeb\TaskManagementSystemWeb.csproj", "{0D1EA757-A561-49A2-9C48-5043D6E5F4F9}"
EndProject
Global
	GlobalSection(SolutionConfigurationPlatforms) = preSolution
		Debug|Any CPU = Debug|Any CPU
		Release|Any CPU = Release|Any CPU
	EndGlobalSection
	GlobalSection(ProjectConfigurationPlatforms) = postSolution
		{0D1EA757-A561-49A2-9C48-5043D6E5F4F9}.Debug|Any CPU.ActiveCfg = Debug|Any CPU
		{0D1EA757-A561-49A2-9C48-5043D6E5F4F9}.Debug|Any CPU.Build.0 = Debug|Any CPU
		{0D1EA757-A561-49A2-9C48-5043D6E5F4F9}.Release|Any CPU.ActiveCfg = Release|Any CPU
		{0D1EA757-A561-49A2-9C48-5043D6E5F4F9}.Release|Any CPU.Build.0 = Release|Any CPU
	EndGlobalSection
	GlobalSection(SolutionProperties) = preSolution
		HideSolutionNode = FALSE
	EndGlobalSection
	GlobalSection(ExtensibilityGlobals) = postSolution
		SolutionGuid = {1D589514-1F49-46FE-A0B9-85355A2EB7DF}
	EndGlobalSection
EndGlobal
